
Microsoft Visual Studio Solution File, Format Version 12.00
# Visual Studio Version 17
VisualStudioVersion = 17.13.35825.156 d17.13
MinimumVisualStudioVersion = 10.0.40219.1
Project("{FAE04EC0-301F-11D3-BF4B-00C04F79EFBC}") = "StudentManagement", "StudentManagement\StudentManagement.csproj", "{172DDF4D-9007-438D-92A2-6603D421A916}"
EndProject
Global
	GlobalSection(SolutionConfigurationPlatforms) = preSolution
		Debug|Any CPU = Debug|Any CPU
		Release|Any CPU = Release|Any CPU
	EndGlobalSection
	GlobalSection(ProjectConfigurationPlatforms) = postSolution
		{172DDF4D-9007-438D-92A2-6603D421A916}.Debug|Any CPU.ActiveCfg = Debug|Any CPU
		{172DDF4D-9007-438D-92A2-6603D421A916}.Debug|Any CPU.Build.0 = Debug|Any CPU
		{172DDF4D-9007-438D-92A2-6603D421A916}.Release|Any CPU.ActiveCfg = Release|Any CPU
		{172DDF4D-9007-438D-92A2-6603D421A916}.Release|Any CPU.Build.0 = Release|Any CPU
	EndGlobalSection
	GlobalSection(SolutionProperties) = preSolution
		HideSolutionNode = FALSE
	EndGlobalSection
	GlobalSection(ExtensibilityGlobals) = postSolution
		SolutionGuid = {F30199C0-CF5B-40E4-A5C3-6ED33431CAAC}
	EndGlobalSection
EndGlobal
